{
    "_readme": [
        "This file locks the dependencies of your project to a known state",
        "Read more about it at https://getcomposer.org/doc/01-basic-usage.md#composer-lock-the-lock-file",
        "This file is @generated automatically"
    ],
    "content-hash": "27b1b43d13091472291c504e5b3ad75a",
    "packages": [
        {
            "name": "workerman/channel",
            "version": "v1.0.3",
            "source": {
                "type": "git",
                "url": "https://github.com/walkor/Channel.git",
                "reference": "1425baf00f6342bfee89b726326225a8b6a8ea80"
            },
            "dist": {
                "type": "zip",
                "url": "https://api.github.com/repos/walkor/Channel/zipball/1425baf00f6342bfee89b726326225a8b6a8ea80",
                "reference": "1425baf00f6342bfee89b726326225a8b6a8ea80",
                "shasum": ""
            },
            "require": {
                "workerman/workerman": ">=3.3.0"
            },
            "type": "project",
            "autoload": {
                "psr-4": {
                    "Channel\\": "./src"
                }
            },
            "notification-url": "https://packagist.org/downloads/",
            "license": [
                "MIT"
            ],
            "homepage": "http://www.workerman.net",
            "time": "2016-04-07T07:26:43+00:00"
        },
        {
            "name": "workerman/phpsocket.io",
            "version": "v1.1.4",
            "source": {
                "type": "git",
                "url": "https://github.com/walkor/phpsocket.io.git",
                "reference": "e814c4626f05ea6727ee8f2f4d2cb3fb0b5c43cf"
            },
            "dist": {
                "type": "zip",
                "url": "https://api.github.com/repos/walkor/phpsocket.io/zipball/e814c4626f05ea6727ee8f2f4d2cb3fb0b5c43cf",
                "reference": "e814c4626f05ea6727ee8f2f4d2cb3fb0b5c43cf",
                "shasum": ""
            },
            "require": {
                "workerman/channel": ">=1.0.0",
                "workerman/workerman": ">=3.1.8"
            },
            "type": "library",
            "autoload": {
                "psr-4": {
                    "PHPSocketIO\\": "./src"
                }
            },
            "notification-url": "https://packagist.org/downloads/",
            "license": [
                "MIT"
            ],
            "homepage": "http://www.workerman.net",
            "keywords": [
                "Socket.io"
            ],
            "time": "2017-02-28T14:25:23+00:00"
        },
        {
            "name": "workerman/phpsocket.io-emitter",
            "version": "v1.0.1",
            "source": {
                "type": "git",
                "url": "https://github.com/walkor/phpsocket.io-emitter.git",
                "reference": "f29b9a428209a4eb242ac25134c11375b78e73fd"
            },
            "dist": {
                "type": "zip",
                "url": "https://api.github.com/repos/walkor/phpsocket.io-emitter/zipball/f29b9a428209a4eb242ac25134c11375b78e73fd",
                "reference": "f29b9a428209a4eb242ac25134c11375b78e73fd",
                "shasum": ""
            },
            "type": "project",
            "autoload": {
                "psr-4": {
                    "": "./src"
                }
            },
            "notification-url": "https://packagist.org/downloads/",
            "license": [
                "MIT"
            ],
            "homepage": "http://www.workerman.net",
            "time": "2016-06-14T09:10:26+00:00"
        },
        {
            "name": "workerman/workerman",
            "version": "v3.3.9",
            "source": {
                "type": "git",
                "url": "https://github.com/walkor/Workerman.git",
                "reference": "02e71eef4714bd251e1b456cb047d3c0d6732192"
            },
            "dist": {
                "type": "zip",
                "url": "https://api.github.com/repos/walkor/Workerman/zipball/02e71eef4714bd251e1b456cb047d3c0d6732192",
                "reference": "02e71eef4714bd251e1b456cb047d3c0d6732192",
                "shasum": ""
            },
            "require": {
                "php": ">=5.3"
            },
            "suggest": {
                "ext-event": "For better performance."
            },
            "type": "library",
            "autoload": {
                "psr-4": {
                    "Workerman\\": "./"
                }
            },
            "notification-url": "https://packagist.org/downloads/",
            "license": [
                "MIT"
            ],
            "authors": [
                {
                    "name": "walkor",
                    "email": "walkor@workerman.net",
                    "homepage": "http://www.workerman.net",
                    "role": "Developer"
                }
            ],
            "description": "An asynchronous event driven PHP framework for easily building fast, scalable network applications.",
            "homepage": "http://www.workerman.net",
            "keywords": [
                "asynchronous",
                "event-loop"
            ],
            "time": "2017-02-14T12:29:56+00:00"
        }
    ],
    "packages-dev": [],
    "aliases": [],
    "minimum-stability": "stable",
    "stability-flags": [],
    "prefer-stable": false,
    "prefer-lowest": false,
    "platform": [],
    "platform-dev": []
}
